// !$*UTF8*$!
{
	archiveVersion = 1;
	classes = {
	};
	objectVersion = 46;
	objects = {

/* Begin PBXBuildFile section */
		5D12A7881B40E71200D5134C /* BHBlockTable.m in Sources */ = {isa = PBXBuildFile; fileRef = 5D12A7751B40E71200D5134C /* BHBlockTable.m */; };
		5D12A7891B40E71200D5134C /* BHBlockTableDynamicSection.m in Sources */ = {isa = PBXBuildFile; fileRef = 5D12A7771B40E71200D5134C /* BHBlockTableDynamicSection.m */; };
		5D12A78A1B40E71200D5134C /* BHBlockTableFRC.m in Sources */ = {isa = PBXBuildFile; fileRef = 5D12A7791B40E71200D5134C /* BHBlockTableFRC.m */; };
		5D12A78B1B40E71200D5134C /* BHBlockTableFRCSection.m in Sources */ = {isa = PBXBuildFile; fileRef = 5D12A77B1B40E71200D5134C /* BHBlockTableFRCSection.m */; };
		5D12A78D1B40E71200D5134C /* BHBlockTableSection.m in Sources */ = {isa = PBXBuildFile; fileRef = 5D12A77F1B40E71200D5134C /* BHBlockTableSection.m */; };
		5D12A78E1B40E71200D5134C /* BHBlockTableStaticSection.m in Sources */ = {isa = PBXBuildFile; fileRef = 5D12A7811B40E71200D5134C /* BHBlockTableStaticSection.m */; };
		5D12A78F1B40E71200D5134C /* BHBlockTableStaticSectionCellDef.m in Sources */ = {isa = PBXBuildFile; fileRef = 5D12A7831B40E71200D5134C /* BHBlockTableStaticSectionCellDef.m */; };
		5D12A7901B40E71200D5134C /* BHBlockTableViewController.m in Sources */ = {isa = PBXBuildFile; fileRef = 5D12A7861B40E71200D5134C /* BHBlockTableViewController.m */; };
		5D12A7931B40E81D00D5134C /* BHBlockTable2.m in Sources */ = {isa = PBXBuildFile; fileRef = 5D12A7921B40E81C00D5134C /* BHBlockTable2.m */; };
		5D12A7961B40E88F00D5134C /* BHBlockTable2DataAdapter.m in Sources */ = {isa = PBXBuildFile; fileRef = 5D12A7951B40E88F00D5134C /* BHBlockTable2DataAdapter.m */; };
		5D12A7991B40E8D300D5134C /* BHBlockTable2SimpleDataAdapter.m in Sources */ = {isa = PBXBuildFile; fileRef = 5D12A7981B40E8D300D5134C /* BHBlockTable2SimpleDataAdapter.m */; };
		5D12A79C1B40E92900D5134C /* BHBlockTable2CompositeDataAdapter.m in Sources */ = {isa = PBXBuildFile; fileRef = 5D12A79B1B40E92900D5134C /* BHBlockTable2CompositeDataAdapter.m */; };
		5D12A79F1B40E94B00D5134C /* BHBlockTable2RealmDataAdapter.m in Sources */ = {isa = PBXBuildFile; fileRef = 5D12A79E1B40E94B00D5134C /* BHBlockTable2RealmDataAdapter.m */; };
		5D9FC46E1B4109D9009AA133 /* BHBlockTableNIBTools.m in Sources */ = {isa = PBXBuildFile; fileRef = 5D9FC46D1B4109D9009AA133 /* BHBlockTableNIBTools.m */; };
		5D9FC4721B411D8E009AA133 /* BHBlockTableInfo.m in Sources */ = {isa = PBXBuildFile; fileRef = 5D9FC4711B411D8E009AA133 /* BHBlockTableInfo.m */; };
		5DAAE8B51B40E5F6000528C0 /* main.m in Sources */ = {isa = PBXBuildFile; fileRef = 5DAAE8B41B40E5F6000528C0 /* main.m */; };
		5DAAE8B81B40E5F6000528C0 /* AppDelegate.m in Sources */ = {isa = PBXBuildFile; fileRef = 5DAAE8B71B40E5F6000528C0 /* AppDelegate.m */; };
		5DAAE8BB1B40E5F6000528C0 /* FirstViewController.m in Sources */ = {isa = PBXBuildFile; fileRef = 5DAAE8BA1B40E5F6000528C0 /* FirstViewController.m */; };
		5DAAE8BE1B40E5F6000528C0 /* SecondViewController.m in Sources */ = {isa = PBXBuildFile; fileRef = 5DAAE8BD1B40E5F6000528C0 /* SecondViewController.m */; };
		5DAAE8C11B40E5F6000528C0 /* Main.storyboard in Resources */ = {isa = PBXBuildFile; fileRef = 5DAAE8BF1B40E5F6000528C0 /* Main.storyboard */; };
		5DAAE8C31B40E5F6000528C0 /* Images.xcassets in Resources */ = {isa = PBXBuildFile; fileRef = 5DAAE8C21B40E5F6000528C0 /* Images.xcassets */; };
		5DAAE8C61B40E5F6000528C0 /* LaunchScreen.xib in Resources */ = {isa = PBXBuildFile; fileRef = 5DAAE8C41B40E5F6000528C0 /* LaunchScreen.xib */; };
		5DAAE8D21B40E5F6000528C0 /* blocktable2Tests.m in Sources */ = {isa = PBXBuildFile; fileRef = 5DAAE8D11B40E5F6000528C0 /* blocktable2Tests.m */; };
/* End PBXBuildFile section */

/* Begin PBXContainerItemProxy section */
		5DAAE8CC1B40E5F6000528C0 /* PBXContainerItemProxy */ = {
			isa = PBXContainerItemProxy;
			containerPortal = 5DAAE8A71B40E5F6000528C0 /* Project object */;
			proxyType = 1;
			remoteGlobalIDString = 5DAAE8AE1B40E5F6000528C0;
			remoteInfo = blocktable2;
		};
/* End PBXContainerItemProxy section */

/* Begin PBXFileReference section */
		5D12A7741B40E71200D5134C /* BHBlockTable.h */ = {isa = PBXFileReference; fileEncoding = 4; lastKnownFileType = sourcecode.c.h; path = BHBlockTable.h; sourceTree = "<group>"; };
		5D12A7751B40E71200D5134C /* BHBlockTable.m */ = {isa = PBXFileReference; fileEncoding = 4; lastKnownFileType = sourcecode.c.objc; path = BHBlockTable.m; sourceTree = "<group>"; };
		5D12A7761B40E71200D5134C /* BHBlockTableDynamicSection.h */ = {isa = PBXFileReference; fileEncoding = 4; lastKnownFileType = sourcecode.c.h; path = BHBlockTableDynamicSection.h; sourceTree = "<group>"; };
		5D12A7771B40E71200D5134C /* BHBlockTableDynamicSection.m */ = {isa = PBXFileReference; fileEncoding = 4; lastKnownFileType = sourcecode.c.objc; path = BHBlockTableDynamicSection.m; sourceTree = "<group>"; };
		5D12A7781B40E71200D5134C /* BHBlockTableFRC.h */ = {isa = PBXFileReference; fileEncoding = 4; lastKnownFileType = sourcecode.c.h; path = BHBlockTableFRC.h; sourceTree = "<group>"; };
		5D12A7791B40E71200D5134C /* BHBlockTableFRC.m */ = {isa = PBXFileReference; fileEncoding = 4; lastKnownFileType = sourcecode.c.objc; path = BHBlockTableFRC.m; sourceTree = "<group>"; };
		5D12A77A1B40E71200D5134C /* BHBlockTableFRCSection.h */ = {isa = PBXFileReference; fileEncoding = 4; lastKnownFileType = sourcecode.c.h; path = BHBlockTableFRCSection.h; sourceTree = "<group>"; };
		5D12A77B1B40E71200D5134C /* BHBlockTableFRCSection.m */ = {isa = PBXFileReference; fileEncoding = 4; lastKnownFileType = sourcecode.c.objc; path = BHBlockTableFRCSection.m; sourceTree = "<group>"; };
		5D12A77E1B40E71200D5134C /* BHBlockTableSection.h */ = {isa = PBXFileReference; fileEncoding = 4; lastKnownFileType = sourcecode.c.h; path = BHBlockTableSection.h; sourceTree = "<group>"; };
		5D12A77F1B40E71200D5134C /* BHBlockTableSection.m */ = {isa = PBXFileReference; fileEncoding = 4; lastKnownFileType = sourcecode.c.objc; path = BHBlockTableSection.m; sourceTree = "<group>"; };
		5D12A7801B40E71200D5134C /* BHBlockTableStaticSection.h */ = {isa = PBXFileReference; fileEncoding = 4; lastKnownFileType = sourcecode.c.h; path = BHBlockTableStaticSection.h; sourceTree = "<group>"; };
		5D12A7811B40E71200D5134C /* BHBlockTableStaticSection.m */ = {isa = PBXFileReference; fileEncoding = 4; lastKnownFileType = sourcecode.c.objc; path = BHBlockTableStaticSection.m; sourceTree = "<group>"; };
		5D12A7821B40E71200D5134C /* BHBlockTableStaticSectionCellDef.h */ = {isa = PBXFileReference; fileEncoding = 4; lastKnownFileType = sourcecode.c.h; path = BHBlockTableStaticSectionCellDef.h; sourceTree = "<group>"; };
		5D12A7831B40E71200D5134C /* BHBlockTableStaticSectionCellDef.m */ = {isa = PBXFileReference; fileEncoding = 4; lastKnownFileType = sourcecode.c.objc; path = BHBlockTableStaticSectionCellDef.m; sourceTree = "<group>"; };
		5D12A7841B40E71200D5134C /* BHBlockTableTypes.h */ = {isa = PBXFileReference; fileEncoding = 4; lastKnownFileType = sourcecode.c.h; path = BHBlockTableTypes.h; sourceTree = "<group>"; };
		5D12A7851B40E71200D5134C /* BHBlockTableViewController.h */ = {isa = PBXFileReference; fileEncoding = 4; lastKnownFileType = sourcecode.c.h; path = BHBlockTableViewController.h; sourceTree = "<group>"; };
		5D12A7861B40E71200D5134C /* BHBlockTableViewController.m */ = {isa = PBXFileReference; fileEncoding = 4; lastKnownFileType = sourcecode.c.objc; path = BHBlockTableViewController.m; sourceTree = "<group>"; };
		5D12A7911B40E81C00D5134C /* BHBlockTable2.h */ = {isa = PBXFileReference; fileEncoding = 4; lastKnownFileType = sourcecode.c.h; path = BHBlockTable2.h; sourceTree = "<group>"; };
		5D12A7921B40E81C00D5134C /* BHBlockTable2.m */ = {isa = PBXFileReference; fileEncoding = 4; lastKnownFileType = sourcecode.c.objc; path = BHBlockTable2.m; sourceTree = "<group>"; };
		5D12A7941B40E88F00D5134C /* BHBlockTable2DataAdapter.h */ = {isa = PBXFileReference; fileEncoding = 4; lastKnownFileType = sourcecode.c.h; path = BHBlockTable2DataAdapter.h; sourceTree = "<group>"; };
		5D12A7951B40E88F00D5134C /* BHBlockTable2DataAdapter.m */ = {isa = PBXFileReference; fileEncoding = 4; lastKnownFileType = sourcecode.c.objc; path = BHBlockTable2DataAdapter.m; sourceTree = "<group>"; };
		5D12A7971B40E8D300D5134C /* BHBlockTable2SimpleDataAdapter.h */ = {isa = PBXFileReference; fileEncoding = 4; lastKnownFileType = sourcecode.c.h; path = BHBlockTable2SimpleDataAdapter.h; sourceTree = "<group>"; };
		5D12A7981B40E8D300D5134C /* BHBlockTable2SimpleDataAdapter.m */ = {isa = PBXFileReference; fileEncoding = 4; lastKnownFileType = sourcecode.c.objc; path = BHBlockTable2SimpleDataAdapter.m; sourceTree = "<group>"; };
		5D12A79A1B40E92900D5134C /* BHBlockTable2CompositeDataAdapter.h */ = {isa = PBXFileReference; fileEncoding = 4; lastKnownFileType = sourcecode.c.h; path = BHBlockTable2CompositeDataAdapter.h; sourceTree = "<group>"; };
		5D12A79B1B40E92900D5134C /* BHBlockTable2CompositeDataAdapter.m */ = {isa = PBXFileReference; fileEncoding = 4; lastKnownFileType = sourcecode.c.objc; path = BHBlockTable2CompositeDataAdapter.m; sourceTree = "<group>"; };
		5D12A79D1B40E94B00D5134C /* BHBlockTable2RealmDataAdapter.h */ = {isa = PBXFileReference; fileEncoding = 4; lastKnownFileType = sourcecode.c.h; path = BHBlockTable2RealmDataAdapter.h; sourceTree = "<group>"; };
		5D12A79E1B40E94B00D5134C /* BHBlockTable2RealmDataAdapter.m */ = {isa = PBXFileReference; fileEncoding = 4; lastKnownFileType = sourcecode.c.objc; path = BHBlockTable2RealmDataAdapter.m; sourceTree = "<group>"; };
		5D9FC46C1B4109D9009AA133 /* BHBlockTableNIBTools.h */ = {isa = PBXFileReference; fileEncoding = 4; lastKnownFileType = sourcecode.c.h; path = BHBlockTableNIBTools.h; sourceTree = "<group>"; };
		5D9FC46D1B4109D9009AA133 /* BHBlockTableNIBTools.m */ = {isa = PBXFileReference; fileEncoding = 4; lastKnownFileType = sourcecode.c.objc; path = BHBlockTableNIBTools.m; sourceTree = "<group>"; };
		5D9FC46F1B411AC7009AA133 /* BHBlockTable2Types.h */ = {isa = PBXFileReference; lastKnownFileType = sourcecode.c.h; path = BHBlockTable2Types.h; sourceTree = "<group>"; };
		5D9FC4701B411D8E009AA133 /* BHBlockTableInfo.h */ = {isa = PBXFileReference; fileEncoding = 4; lastKnownFileType = sourcecode.c.h; path = BHBlockTableInfo.h; sourceTree = "<group>"; };
		5D9FC4711B411D8E009AA133 /* BHBlockTableInfo.m */ = {isa = PBXFileReference; fileEncoding = 4; lastKnownFileType = sourcecode.c.objc; path = BHBlockTableInfo.m; sourceTree = "<group>"; };
		5DAAE8AF1B40E5F6000528C0 /* blocktable2.app */ = {isa = PBXFileReference; explicitFileType = wrapper.application; includeInIndex = 0; path = blocktable2.app; sourceTree = BUILT_PRODUCTS_DIR; };
		5DAAE8B31B40E5F6000528C0 /* Info.plist */ = {isa = PBXFileReference; lastKnownFileType = text.plist.xml; path = Info.plist; sourceTree = "<group>"; };
		5DAAE8B41B40E5F6000528C0 /* main.m */ = {isa = PBXFileReference; lastKnownFileType = sourcecode.c.objc; path = main.m; sourceTree = "<group>"; };
		5DAAE8B61B40E5F6000528C0 /* AppDelegate.h */ = {isa = PBXFileReference; lastKnownFileType = sourcecode.c.h; path = AppDelegate.h; sourceTree = "<group>"; };
		5DAAE8B71B40E5F6000528C0 /* AppDelegate.m */ = {isa = PBXFileReference; lastKnownFileType = sourcecode.c.objc; path = AppDelegate.m; sourceTree = "<group>"; };
		5DAAE8B91B40E5F6000528C0 /* FirstViewController.h */ = {isa = PBXFileReference; lastKnownFileType = sourcecode.c.h; path = FirstViewController.h; sourceTree = "<group>"; };
		5DAAE8BA1B40E5F6000528C0 /* FirstViewController.m */ = {isa = PBXFileReference; lastKnownFileType = sourcecode.c.objc; path = FirstViewController.m; sourceTree = "<group>"; };
		5DAAE8BC1B40E5F6000528C0 /* SecondViewController.h */ = {isa = PBXFileReference; lastKnownFileType = sourcecode.c.h; path = SecondViewController.h; sourceTree = "<group>"; };
		5DAAE8BD1B40E5F6000528C0 /* SecondViewController.m */ = {isa = PBXFileReference; lastKnownFileType = sourcecode.c.objc; path = SecondViewController.m; sourceTree = "<group>"; };
		5DAAE8C01B40E5F6000528C0 /* Base */ = {isa = PBXFileReference; lastKnownFileType = file.storyboard; name = Base; path = Base.lproj/Main.storyboard; sourceTree = "<group>"; };
		5DAAE8C21B40E5F6000528C0 /* Images.xcassets */ = {isa = PBXFileReference; lastKnownFileType = folder.assetcatalog; path = Images.xcassets; sourceTree = "<group>"; };
		5DAAE8C51B40E5F6000528C0 /* Base */ = {isa = PBXFileReference; lastKnownFileType = file.xib; name = Base; path = Base.lproj/LaunchScreen.xib; sourceTree = "<group>"; };
		5DAAE8CB1B40E5F6000528C0 /* blocktable2Tests.xctest */ = {isa = PBXFileReference; explicitFileType = wrapper.cfbundle; includeInIndex = 0; path = blocktable2Tests.xctest; sourceTree = BUILT_PRODUCTS_DIR; };
		5DAAE8D01B40E5F6000528C0 /* Info.plist */ = {isa = PBXFileReference; lastKnownFileType = text.plist.xml; path = Info.plist; sourceTree = "<group>"; };
		5DAAE8D11B40E5F6000528C0 /* blocktable2Tests.m */ = {isa = PBXFileReference; lastKnownFileType = sourcecode.c.objc; path = blocktable2Tests.m; sourceTree = "<group>"; };
/* End PBXFileReference section */

/* Begin PBXFrameworksBuildPhase section */
		5DAAE8AC1B40E5F6000528C0 /* Frameworks */ = {
			isa = PBXFrameworksBuildPhase;
			buildActionMask = 2147483647;
			files = (
			);
			runOnlyForDeploymentPostprocessing = 0;
		};
		5DAAE8C81B40E5F6000528C0 /* Frameworks */ = {
			isa = PBXFrameworksBuildPhase;
			buildActionMask = 2147483647;
			files = (
			);
			runOnlyForDeploymentPostprocessing = 0;
		};
/* End PBXFrameworksBuildPhase section */

/* Begin PBXGroup section */
		5D12A7561B40E69000D5134C /* library */ = {
			isa = PBXGroup;
			children = (
				5D12A7731B40E71200D5134C /* v1 */,
				5D12A7871B40E71200D5134C /* v2 */,
			);
			path = library;
			sourceTree = "<group>";
		};
		5D12A7731B40E71200D5134C /* v1 */ = {
			isa = PBXGroup;
			children = (
				5D12A7741B40E71200D5134C /* BHBlockTable.h */,
				5D12A7751B40E71200D5134C /* BHBlockTable.m */,
				5D12A7761B40E71200D5134C /* BHBlockTableDynamicSection.h */,
				5D12A7771B40E71200D5134C /* BHBlockTableDynamicSection.m */,
				5D12A7781B40E71200D5134C /* BHBlockTableFRC.h */,
				5D12A7791B40E71200D5134C /* BHBlockTableFRC.m */,
				5D12A77A1B40E71200D5134C /* BHBlockTableFRCSection.h */,
				5D12A77B1B40E71200D5134C /* BHBlockTableFRCSection.m */,
				5D12A77E1B40E71200D5134C /* BHBlockTableSection.h */,
				5D12A77F1B40E71200D5134C /* BHBlockTableSection.m */,
				5D12A7801B40E71200D5134C /* BHBlockTableStaticSection.h */,
				5D12A7811B40E71200D5134C /* BHBlockTableStaticSection.m */,
				5D12A7821B40E71200D5134C /* BHBlockTableStaticSectionCellDef.h */,
				5D12A7831B40E71200D5134C /* BHBlockTableStaticSectionCellDef.m */,
				5D12A7841B40E71200D5134C /* BHBlockTableTypes.h */,
				5D12A7851B40E71200D5134C /* BHBlockTableViewController.h */,
				5D12A7861B40E71200D5134C /* BHBlockTableViewController.m */,
			);
			path = v1;
			sourceTree = "<group>";
		};
		5D12A7871B40E71200D5134C /* v2 */ = {
			isa = PBXGroup;
			children = (
				5D12A7911B40E81C00D5134C /* BHBlockTable2.h */,
				5D12A7921B40E81C00D5134C /* BHBlockTable2.m */,
				5D12A7941B40E88F00D5134C /* BHBlockTable2DataAdapter.h */,
				5D12A7951B40E88F00D5134C /* BHBlockTable2DataAdapter.m */,
				5D12A7971B40E8D300D5134C /* BHBlockTable2SimpleDataAdapter.h */,
				5D12A7981B40E8D300D5134C /* BHBlockTable2SimpleDataAdapter.m */,
				5D12A79A1B40E92900D5134C /* BHBlockTable2CompositeDataAdapter.h */,
				5D12A79B1B40E92900D5134C /* BHBlockTable2CompositeDataAdapter.m */,
				5D12A79D1B40E94B00D5134C /* BHBlockTable2RealmDataAdapter.h */,
				5D12A79E1B40E94B00D5134C /* BHBlockTable2RealmDataAdapter.m */,
				5D9FC46C1B4109D9009AA133 /* BHBlockTableNIBTools.h */,
				5D9FC46D1B4109D9009AA133 /* BHBlockTableNIBTools.m */,
				5D9FC46F1B411AC7009AA133 /* BHBlockTable2Types.h */,
				5D9FC4701B411D8E009AA133 /* BHBlockTableInfo.h */,
				5D9FC4711B411D8E009AA133 /* BHBlockTableInfo.m */,
			);
			path = v2;
			sourceTree = "<group>";
		};
		5DAAE8A61B40E5F6000528C0 = {
			isa = PBXGroup;
			children = (
				5D12A7561B40E69000D5134C /* library */,
				5DAAE8B11B40E5F6000528C0 /* blocktable2 */,
				5DAAE8CE1B40E5F6000528C0 /* blocktable2Tests */,
				5DAAE8B01B40E5F6000528C0 /* Products */,
			);
			sourceTree = "<group>";
		};
		5DAAE8B01B40E5F6000528C0 /* Products */ = {
			isa = PBXGroup;
			children = (
				5DAAE8AF1B40E5F6000528C0 /* blocktable2.app */,
				5DAAE8CB1B40E5F6000528C0 /* blocktable2Tests.xctest */,
			);
			name = Products;
			sourceTree = "<group>";
		};
		5DAAE8B11B40E5F6000528C0 /* blocktable2 */ = {
			isa = PBXGroup;
			children = (
				5DAAE8B61B40E5F6000528C0 /* AppDelegate.h */,
				5DAAE8B71B40E5F6000528C0 /* AppDelegate.m */,
				5DAAE8B91B40E5F6000528C0 /* FirstViewController.h */,
				5DAAE8BA1B40E5F6000528C0 /* FirstViewController.m */,
				5DAAE8BC1B40E5F6000528C0 /* SecondViewController.h */,
				5DAAE8BD1B40E5F6000528C0 /* SecondViewController.m */,
				5DAAE8BF1B40E5F6000528C0 /* Main.storyboard */,
				5DAAE8C21B40E5F6000528C0 /* Images.xcassets */,
				5DAAE8C41B40E5F6000528C0 /* LaunchScreen.xib */,
				5DAAE8B21B40E5F6000528C0 /* Supporting Files */,
			);
			path = blocktable2;
			sourceTree = "<group>";
		};
		5DAAE8B21B40E5F6000528C0 /* Supporting Files */ = {
			isa = PBXGroup;
			children = (
				5DAAE8B31B40E5F6000528C0 /* Info.plist */,
				5DAAE8B41B40E5F6000528C0 /* main.m */,
			);
			name = "Supporting Files";
			sourceTree = "<group>";
		};
		5DAAE8CE1B40E5F6000528C0 /* blocktable2Tests */ = {
			isa = PBXGroup;
			children = (
				5DAAE8D11B40E5F6000528C0 /* blocktable2Tests.m */,
				5DAAE8CF1B40E5F6000528C0 /* Supporting Files */,
			);
			path = blocktable2Tests;
			sourceTree = "<group>";
		};
		5DAAE8CF1B40E5F6000528C0 /* Supporting Files */ = {
			isa = PBXGroup;
			children = (
				5DAAE8D01B40E5F6000528C0 /* Info.plist */,
			);
			name = "Supporting Files";
			sourceTree = "<group>";
		};
/* End PBXGroup section */

/* Begin PBXNativeTarget section */
		5DAAE8AE1B40E5F6000528C0 /* blocktable2 */ = {
			isa = PBXNativeTarget;
			buildConfigurationList = 5DAAE8D51B40E5F6000528C0 /* Build configuration list for PBXNativeTarget "blocktable2" */;
			buildPhases = (
				5DAAE8AB1B40E5F6000528C0 /* Sources */,
				5DAAE8AC1B40E5F6000528C0 /* Frameworks */,
				5DAAE8AD1B40E5F6000528C0 /* Resources */,
			);
			buildRules = (
			);
			dependencies = (
			);
			name = blocktable2;
			productName = blocktable2;
			productReference = 5DAAE8AF1B40E5F6000528C0 /* blocktable2.app */;
			productType = "com.apple.product-type.application";
		};
		5DAAE8CA1B40E5F6000528C0 /* blocktable2Tests */ = {
			isa = PBXNativeTarget;
			buildConfigurationList = 5DAAE8D81B40E5F6000528C0 /* Build configuration list for PBXNativeTarget "blocktable2Tests" */;
			buildPhases = (
				5DAAE8C71B40E5F6000528C0 /* Sources */,
				5DAAE8C81B40E5F6000528C0 /* Frameworks */,
				5DAAE8C91B40E5F6000528C0 /* Resources */,
			);
			buildRules = (
			);
			dependencies = (
				5DAAE8CD1B40E5F6000528C0 /* PBXTargetDependency */,
			);
			name = blocktable2Tests;
			productName = blocktable2Tests;
			productReference = 5DAAE8CB1B40E5F6000528C0 /* blocktable2Tests.xctest */;
			productType = "com.apple.product-type.bundle.unit-test";
		};
/* End PBXNativeTarget section */

/* Begin PBXProject section */
		5DAAE8A71B40E5F6000528C0 /* Project object */ = {
			isa = PBXProject;
			attributes = {
				LastUpgradeCheck = 0630;
				ORGANIZATIONNAME = "Ashemah Harrison";
				TargetAttributes = {
					5DAAE8AE1B40E5F6000528C0 = {
						CreatedOnToolsVersion = 6.3.2;
					};
					5DAAE8CA1B40E5F6000528C0 = {
						CreatedOnToolsVersion = 6.3.2;
						TestTargetID = 5DAAE8AE1B40E5F6000528C0;
					};
				};
			};
			buildConfigurationList = 5DAAE8AA1B40E5F6000528C0 /* Build configuration list for PBXProject "blocktable2" */;
			compatibilityVersion = "Xcode 3.2";
			developmentRegion = English;
			hasScannedForEncodings = 0;
			knownRegions = (
				en,
				Base,
			);
			mainGroup = 5DAAE8A61B40E5F6000528C0;
			productRefGroup = 5DAAE8B01B40E5F6000528C0 /* Products */;
			projectDirPath = "";
			projectRoot = "";
			targets = (
				5DAAE8AE1B40E5F6000528C0 /* blocktable2 */,
				5DAAE8CA1B40E5F6000528C0 /* blocktable2Tests */,
			);
		};
/* End PBXProject section */

/* Begin PBXResourcesBuildPhase section */
		5DAAE8AD1B40E5F6000528C0 /* Resources */ = {
			isa = PBXResourcesBuildPhase;
			buildActionMask = 2147483647;
			files = (
				5DAAE8C11B40E5F6000528C0 /* Main.storyboard in Resources */,
				5DAAE8C61B40E5F6000528C0 /* LaunchScreen.xib in Resources */,
				5DAAE8C31B40E5F6000528C0 /* Images.xcassets in Resources */,
			);
			runOnlyForDeploymentPostprocessing = 0;
		};
		5DAAE8C91B40E5F6000528C0 /* Resources */ = {
			isa = PBXResourcesBuildPhase;
			buildActionMask = 2147483647;
			files = (
			);
			runOnlyForDeploymentPostprocessing = 0;
		};
/* End PBXResourcesBuildPhase section */

/* Begin PBXSourcesBuildPhase section */
		5DAAE8AB1B40E5F6000528C0 /* Sources */ = {
			isa = PBXSourcesBuildPhase;
			buildActionMask = 2147483647;
			files = (
				5D12A78B1B40E71200D5134C /* BHBlockTableFRCSection.m in Sources */,
				5D12A79C1B40E92900D5134C /* BHBlockTable2CompositeDataAdapter.m in Sources */,
				5DAAE8BE1B40E5F6000528C0 /* SecondViewController.m in Sources */,
				5D12A7901B40E71200D5134C /* BHBlockTableViewController.m in Sources */,
				5D12A78A1B40E71200D5134C /* BHBlockTableFRC.m in Sources */,
				5D12A7881B40E71200D5134C /* BHBlockTable.m in Sources */,
				5D9FC4721B411D8E009AA133 /* BHBlockTableInfo.m in Sources */,
				5D12A79F1B40E94B00D5134C /* BHBlockTable2RealmDataAdapter.m in Sources */,
				5D12A7961B40E88F00D5134C /* BHBlockTable2DataAdapter.m in Sources */,
				5D12A78D1B40E71200D5134C /* BHBlockTableSection.m in Sources */,
				5D12A78E1B40E71200D5134C /* BHBlockTableStaticSection.m in Sources */,
				5DAAE8B81B40E5F6000528C0 /* AppDelegate.m in Sources */,
				5DAAE8BB1B40E5F6000528C0 /* FirstViewController.m in Sources */,
				5D12A7891B40E71200D5134C /* BHBlockTableDynamicSection.m in Sources */,
				5D12A78F1B40E71200D5134C /* BHBlockTableStaticSectionCellDef.m in Sources */,
				5DAAE8B51B40E5F6000528C0 /* main.m in Sources */,
				5D9FC46E1B4109D9009AA133 /* BHBlockTableNIBTools.m in Sources */,
				5D12A7991B40E8D300D5134C /* BHBlockTable2SimpleDataAdapter.m in Sources */,
				5D12A7931B40E81D00D5134C /* BHBlockTable2.m in Sources */,
			);
			runOnlyForDeploymentPostprocessing = 0;
		};
		5DAAE8C71B40E5F6000528C0 /* Sources */ = {
			isa = PBXSourcesBuildPhase;
			buildActionMask = 2147483647;
			files = (
				5DAAE8D21B40E5F6000528C0 /* blocktable2Tests.m in Sources */,
			);
			runOnlyForDeploymentPostprocessing = 0;
		};
/* End PBXSourcesBuildPhase section */

/* Begin PBXTargetDependency section */
		5DAAE8CD1B40E5F6000528C0 /* PBXTargetDependency */ = {
			isa = PBXTargetDependency;
			target = 5DAAE8AE1B40E5F6000528C0 /* blocktable2 */;
			targetProxy = 5DAAE8CC1B40E5F6000528C0 /* PBXContainerItemProxy */;
		};
/* End PBXTargetDependency section */

/* Begin PBXVariantGroup section */
		5DAAE8BF1B40E5F6000528C0 /* Main.storyboard */ = {
			isa = PBXVariantGroup;
			children = (
				5DAAE8C01B40E5F6000528C0 /* Base */,
			);
			name = Main.storyboard;
			sourceTree = "<group>";
		};
		5DAAE8C41B40E5F6000528C0 /* LaunchScreen.xib */ = {
			isa = PBXVariantGroup;
			children = (
				5DAAE8C51B40E5F6000528C0 /* Base */,
			);
			name = LaunchScreen.xib;
			sourceTree = "<group>";
		};
/* End PBXVariantGroup section */

/* Begin XCBuildConfiguration section */
		5DAAE8D31B40E5F6000528C0 /* Debug */ = {
			isa = XCBuildConfiguration;
			buildSettings = {
				ALWAYS_SEARCH_USER_PATHS = NO;
				CLANG_CXX_LANGUAGE_STANDARD = "gnu++0x";
				CLANG_CXX_LIBRARY = "libc++";
				CLANG_ENABLE_MODULES = YES;
				CLANG_ENABLE_OBJC_ARC = YES;
				CLANG_WARN_BOOL_CONVERSION = YES;
				CLANG_WARN_CONSTANT_CONVERSION = YES;
				CLANG_WARN_DIRECT_OBJC_ISA_USAGE = YES_ERROR;
				CLANG_WARN_EMPTY_BODY = YES;
				CLANG_WARN_ENUM_CONVERSION = YES;
				CLANG_WARN_INT_CONVERSION = YES;
				CLANG_WARN_OBJC_ROOT_CLASS = YES_ERROR;
				CLANG_WARN_UNREACHABLE_CODE = YES;
				CLANG_WARN__DUPLICATE_METHOD_MATCH = YES;
				"CODE_SIGN_IDENTITY[sdk=iphoneos*]" = "iPhone Developer";
				COPY_PHASE_STRIP = NO;
				DEBUG_INFORMATION_FORMAT = "dwarf-with-dsym";
				ENABLE_STRICT_OBJC_MSGSEND = YES;
				GCC_C_LANGUAGE_STANDARD = gnu99;
				GCC_DYNAMIC_NO_PIC = NO;
				GCC_NO_COMMON_BLOCKS = YES;
				GCC_OPTIMIZATION_LEVEL = 0;
				GCC_PREPROCESSOR_DEFINITIONS = (
					"DEBUG=1",
					"$(inherited)",
				);
				GCC_SYMBOLS_PRIVATE_EXTERN = NO;
				GCC_WARN_64_TO_32_BIT_CONVERSION = YES;
				GCC_WARN_ABOUT_RETURN_TYPE = YES_ERROR;
				GCC_WARN_UNDECLARED_SELECTOR = YES;
				GCC_WARN_UNINITIALIZED_AUTOS = YES_AGGRESSIVE;
				GCC_WARN_UNUSED_FUNCTION = YES;
				GCC_WARN_UNUSED_VARIABLE = YES;
				IPHONEOS_DEPLOYMENT_TARGET = 8.3;
				MTL_ENABLE_DEBUG_INFO = YES;
				ONLY_ACTIVE_ARCH = YES;
				SDKROOT = iphoneos;
				TARGETED_DEVICE_FAMILY = "1,2";
			};
			name = Debug;
		};
		5DAAE8D41B40E5F6000528C0 /* Release */ = {
			isa = XCBuildConfiguration;
			buildSettings = {
				ALWAYS_SEARCH_USER_PATHS = NO;
				CLANG_CXX_LANGUAGE_STANDARD = "gnu++0x";
				CLANG_CXX_LIBRARY = "libc++";
				CLANG_ENABLE_MODULES = YES;
				CLANG_ENABLE_OBJC_ARC = YES;
				CLANG_WARN_BOOL_CONVERSION = YES;
				CLANG_WARN_CONSTANT_CONVERSION = YES;
				CLANG_WARN_DIRECT_OBJC_ISA_USAGE = YES_ERROR;
				CLANG_WARN_EMPTY_BODY = YES;
				CLANG_WARN_ENUM_CONVERSION = YES;
				CLANG_WARN_INT_CONVERSION = YES;
				CLANG_WARN_OBJC_ROOT_CLASS = YES_ERROR;
				CLANG_WARN_UNREACHABLE_CODE = YES;
				CLANG_WARN__DUPLICATE_METHOD_MATCH = YES;
				"CODE_SIGN_IDENTITY[sdk=iphoneos*]" = "iPhone Developer";
				COPY_PHASE_STRIP = NO;
				DEBUG_INFORMATION_FORMAT = "dwarf-with-dsym";
				ENABLE_NS_ASSERTIONS = NO;
				ENABLE_STRICT_OBJC_MSGSEND = YES;
				GCC_C_LANGUAGE_STANDARD = gnu99;
				GCC_NO_COMMON_BLOCKS = YES;
				GCC_WARN_64_TO_32_BIT_CONVERSION = YES;
				GCC_WARN_ABOUT_RETURN_TYPE = YES_ERROR;
				GCC_WARN_UNDECLARED_SELECTOR = YES;
				GCC_WARN_UNINITIALIZED_AUTOS = YES_AGGRESSIVE;
				GCC_WARN_UNUSED_FUNCTION = YES;
				GCC_WARN_UNUSED_VARIABLE = YES;
				IPHONEOS_DEPLOYMENT_TARGET = 8.3;
				MTL_ENABLE_DEBUG_INFO = NO;
				SDKROOT = iphoneos;
				TARGETED_DEVICE_FAMILY = "1,2";
				VALIDATE_PRODUCT = YES;
			};
			name = Release;
		};
		5DAAE8D61B40E5F6000528C0 /* Debug */ = {
			isa = XCBuildConfiguration;
			buildSettings = {
				ASSETCATALOG_COMPILER_APPICON_NAME = AppIcon;
				INFOPLIST_FILE = blocktable2/Info.plist;
				LD_RUNPATH_SEARCH_PATHS = "$(inherited) @executable_path/Frameworks";
				PRODUCT_NAME = "$(TARGET_NAME)";
			};
			name = Debug;
		};
		5DAAE8D71B40E5F6000528C0 /* Release */ = {
			isa = XCBuildConfiguration;
			buildSettings = {
				ASSETCATALOG_COMPILER_APPICON_NAME = AppIcon;
				INFOPLIST_FILE = blocktable2/Info.plist;
				LD_RUNPATH_SEARCH_PATHS = "$(inherited) @executable_path/Frameworks";
				PRODUCT_NAME = "$(TARGET_NAME)";
			};
			name = Release;
		};
		5DAAE8D91B40E5F6000528C0 /* Debug */ = {
			isa = XCBuildConfiguration;
			buildSettings = {
				BUNDLE_LOADER = "$(TEST_HOST)";
				FRAMEWORK_SEARCH_PATHS = (
					"$(SDKROOT)/Developer/Library/Frameworks",
					"$(inherited)",
				);
				GCC_PREPROCESSOR_DEFINITIONS = (
					"DEBUG=1",
					"$(inherited)",
				);
				INFOPLIST_FILE = blocktable2Tests/Info.plist;
				LD_RUNPATH_SEARCH_PATHS = "$(inherited) @executable_path/Frameworks @loader_path/Frameworks";
				PRODUCT_NAME = "$(TARGET_NAME)";
				TEST_HOST = "$(BUILT_PRODUCTS_DIR)/blocktable2.app/blocktable2";
			};
			name = Debug;
		};
		5DAAE8DA1B40E5F6000528C0 /* Release */ = {
			isa = XCBuildConfiguration;
			buildSettings = {
				BUNDLE_LOADER = "$(TEST_HOST)";
				FRAMEWORK_SEARCH_PATHS = (
					"$(SDKROOT)/Developer/Library/Frameworks",
					"$(inherited)",
				);
				INFOPLIST_FILE = blocktable2Tests/Info.plist;
				LD_RUNPATH_SEARCH_PATHS = "$(inherited) @executable_path/Frameworks @loader_path/Frameworks";
				PRODUCT_NAME = "$(TARGET_NAME)";
				TEST_HOST = "$(BUILT_PRODUCTS_DIR)/blocktable2.app/blocktable2";
			};
			name = Release;
		};
/* End XCBuildConfiguration section */

/* Begin XCConfigurationList section */
		5DAAE8AA1B40E5F6000528C0 /* Build configuration list for PBXProject "blocktable2" */ = {
			isa = XCConfigurationList;
			buildConfigurations = (
				5DAAE8D31B40E5F6000528C0 /* Debug */,
				5DAAE8D41B40E5F6000528C0 /* Release */,
			);
			defaultConfigurationIsVisible = 0;
			defaultConfigurationName = Release;
		};
		5DAAE8D51B40E5F6000528C0 /* Build configuration list for PBXNativeTarget "blocktable2" */ = {
			isa = XCConfigurationList;
			buildConfigurations = (
				5DAAE8D61B40E5F6000528C0 /* Debug */,
				5DAAE8D71B40E5F6000528C0 /* Release */,
			);
			defaultConfigurationIsVisible = 0;
			defaultConfigurationName = Release;
		};
		5DAAE8D81B40E5F6000528C0 /* Build configuration list for PBXNativeTarget "blocktable2Tests" */ = {
			isa = XCConfigurationList;
			buildConfigurations = (
				5DAAE8D91B40E5F6000528C0 /* Debug */,
				5DAAE8DA1B40E5F6000528C0 /* Release */,
			);
			defaultConfigurationIsVisible = 0;
			defaultConfigurationName = Release;
		};
/* End XCConfigurationList section */
	};
	rootObject = 5DAAE8A71B40E5F6000528C0 /* Project object */;
}
